
Microsoft Visual Studio Solution File, Format Version 12.00
# Visual Studio Version 17
VisualStudioVersion = 17.4.33213.308
MinimumVisualStudioVersion = 10.0.40219.1
Project("{FAE04EC0-301F-11D3-BF4B-00C04F79EFBC}") = "Program 3", "Program 3\Program 3.csproj", "{C620CE52-E9B2-4E2D-BFC1-16162C54CCE4}"
EndProject
Global
	GlobalSection(SolutionConfigurationPlatforms) = preSolution
		Debug|Any CPU = Debug|Any CPU
		Release|Any CPU = Release|Any CPU
	EndGlobalSection
	GlobalSection(ProjectConfigurationPlatforms) = postSolution
		{C620CE52-E9B2-4E2D-BFC1-16162C54CCE4}.Debug|Any CPU.ActiveCfg = Debug|Any CPU
		{C620CE52-E9B2-4E2D-BFC1-16162C54CCE4}.Debug|Any CPU.Build.0 = Debug|Any CPU
		{C620CE52-E9B2-4E2D-BFC1-16162C54CCE4}.Release|Any CPU.ActiveCfg = Release|Any CPU
		{C620CE52-E9B2-4E2D-BFC1-16162C54CCE4}.Release|Any CPU.Build.0 = Release|Any CPU
	EndGlobalSection
	GlobalSection(SolutionProperties) = preSolution
		HideSolutionNode = FALSE
	EndGlobalSection
	GlobalSection(ExtensibilityGlobals) = postSolution
		SolutionGuid = {48D17E1B-0A0A-4000-A31C-AF3574C9CA7B}
	EndGlobalSection
EndGlobal
